
Microsoft Visual Studio Solution File, Format Version 12.00
# Visual Studio Version 17
VisualStudioVersion = 17.6.33801.468
MinimumVisualStudioVersion = 10.0.40219.1
Project("{9A19103F-16F7-4668-BE54-9A1E7A4F7556}") = "Black.Beard.Sdk.Net.Mails", "Black.Beard.Sdk.Net.Mails\Black.Beard.Sdk.Net.Mails.csproj", "{C522F2E6-0207-44FC-9363-3F0646EC46E4}"
EndProject
Project("{9A19103F-16F7-4668-BE54-9A1E7A4F7556}") = "Black.Beard.Mail", "Black.Beard.Mail\Black.Beard.Mail.csproj", "{4EC3287F-A7E0-4A3E-9506-16CB0E0A2FA0}"
EndProject
Project("{9A19103F-16F7-4668-BE54-9A1E7A4F7556}") = "Black.Beard.Sdk.Net.Mails.Senders", "Black.Beard.Sdk.Net.Mails.Senders\Black.Beard.Sdk.Net.Mails.Senders.csproj", "{94791085-67E1-48D9-B976-1F08E50FED48}"
EndProject
Project("{2150E333-8FDC-42A3-9474-1A3956D46DE8}") = "Mails", "Mails", "{240FC772-25F1-4BF4-B281-63E539B5D878}"
EndProject
Project("{2150E333-8FDC-42A3-9474-1A3956D46DE8}") = "Solution Items", "Solution Items", "{12A24102-F952-45A0-99AF-2577D1B0C7FB}"
	ProjectSection(SolutionItems) = preProject
		.editorconfig = .editorconfig
	EndProjectSection
EndProject
Project("{9A19103F-16F7-4668-BE54-9A1E7A4F7556}") = "Black.Beard.Http", "Black.Beard.Http\Black.Beard.Http.csproj", "{70DC4365-69FC-48D1-950D-2930550660F5}"
EndProject
Project("{2150E333-8FDC-42A3-9474-1A3956D46DE8}") = "Docs", "Docs", "{7A258BB6-9531-4BA6-B597-58DEE6A1CF0E}"
	ProjectSection(SolutionItems) = preProject
		..\README.md = ..\README.md
		..\Docs\use.md = ..\Docs\use.md
	EndProjectSection
EndProject
Project("{9A19103F-16F7-4668-BE54-9A1E7A4F7556}") = "HttpTests", "HttpTests\HttpTests.csproj", "{C2E8B738-9810-405D-82CE-A1574402E87E}"
EndProject
Global
	GlobalSection(SolutionConfigurationPlatforms) = preSolution
		Debug|Any CPU = Debug|Any CPU
		Release|Any CPU = Release|Any CPU
	EndGlobalSection
	GlobalSection(ProjectConfigurationPlatforms) = postSolution
		{C522F2E6-0207-44FC-9363-3F0646EC46E4}.Debug|Any CPU.ActiveCfg = Debug|Any CPU
		{C522F2E6-0207-44FC-9363-3F0646EC46E4}.Debug|Any CPU.Build.0 = Debug|Any CPU
		{C522F2E6-0207-44FC-9363-3F0646EC46E4}.Release|Any CPU.ActiveCfg = Release|Any CPU
		{C522F2E6-0207-44FC-9363-3F0646EC46E4}.Release|Any CPU.Build.0 = Release|Any CPU
		{4EC3287F-A7E0-4A3E-9506-16CB0E0A2FA0}.Debug|Any CPU.ActiveCfg = Debug|Any CPU
		{4EC3287F-A7E0-4A3E-9506-16CB0E0A2FA0}.Debug|Any CPU.Build.0 = Debug|Any CPU
		{4EC3287F-A7E0-4A3E-9506-16CB0E0A2FA0}.Release|Any CPU.ActiveCfg = Release|Any CPU
		{4EC3287F-A7E0-4A3E-9506-16CB0E0A2FA0}.Release|Any CPU.Build.0 = Release|Any CPU
		{94791085-67E1-48D9-B976-1F08E50FED48}.Debug|Any CPU.ActiveCfg = Debug|Any CPU
		{94791085-67E1-48D9-B976-1F08E50FED48}.Debug|Any CPU.Build.0 = Debug|Any CPU
		{94791085-67E1-48D9-B976-1F08E50FED48}.Release|Any CPU.ActiveCfg = Release|Any CPU
		{94791085-67E1-48D9-B976-1F08E50FED48}.Release|Any CPU.Build.0 = Release|Any CPU
		{70DC4365-69FC-48D1-950D-2930550660F5}.Debug|Any CPU.ActiveCfg = Debug|Any CPU
		{70DC4365-69FC-48D1-950D-2930550660F5}.Debug|Any CPU.Build.0 = Debug|Any CPU
		{70DC4365-69FC-48D1-950D-2930550660F5}.Release|Any CPU.ActiveCfg = Release|Any CPU
		{70DC4365-69FC-48D1-950D-2930550660F5}.Release|Any CPU.Build.0 = Release|Any CPU
		{C2E8B738-9810-405D-82CE-A1574402E87E}.Debug|Any CPU.ActiveCfg = Debug|Any CPU
		{C2E8B738-9810-405D-82CE-A1574402E87E}.Debug|Any CPU.Build.0 = Debug|Any CPU
		{C2E8B738-9810-405D-82CE-A1574402E87E}.Release|Any CPU.ActiveCfg = Release|Any CPU
		{C2E8B738-9810-405D-82CE-A1574402E87E}.Release|Any CPU.Build.0 = Release|Any CPU
	EndGlobalSection
	GlobalSection(SolutionProperties) = preSolution
		HideSolutionNode = FALSE
	EndGlobalSection
	GlobalSection(NestedProjects) = preSolution
		{C522F2E6-0207-44FC-9363-3F0646EC46E4} = {240FC772-25F1-4BF4-B281-63E539B5D878}
		{4EC3287F-A7E0-4A3E-9506-16CB0E0A2FA0} = {240FC772-25F1-4BF4-B281-63E539B5D878}
		{94791085-67E1-48D9-B976-1F08E50FED48} = {240FC772-25F1-4BF4-B281-63E539B5D878}
	EndGlobalSection
	GlobalSection(ExtensibilityGlobals) = postSolution
		SolutionGuid = {5A16DA66-3E3C-4D7F-AA2C-5529723D49A1}
	EndGlobalSection
EndGlobal
