
Microsoft Visual Studio Solution File, Format Version 12.00
# Visual Studio Version 17
VisualStudioVersion = 17.6.33801.468
MinimumVisualStudioVersion = 10.0.40219.1
Project("{9A19103F-16F7-4668-BE54-9A1E7A4F7556}") = "Black.Beard.Sdk.Net.Mails", "Black.Beard.Sdk.Net.Mails\Black.Beard.Sdk.Net.Mails.csproj", "{C522F2E6-0207-44FC-9363-3F0646EC46E4}"
EndProject
Project("{9A19103F-16F7-4668-BE54-9A1E7A4F7556}") = "Black.Beard.Mail", "Black.Beard.Mail\Black.Beard.Mail.csproj", "{4EC3287F-A7E0-4A3E-9506-16CB0E0A2FA0}"
EndProject
Project("{9A19103F-16F7-4668-BE54-9A1E7A4F7556}") = "Black.Beard.Sdk.Net.Mails.Senders", "Black.Beard.Sdk.Net.Mails.Senders\Black.Beard.Sdk.Net.Mails.Senders.csproj", "{94791085-67E1-48D9-B976-1F08E50FED48}"
EndProject
Project("{2150E333-8FDC-42A3-9474-1A3956D46DE8}") = "Mails", "Mails", "{240FC772-25F1-4BF4-B281-63E539B5D878}"
EndProject
Project("{2150E333-8FDC-42A3-9474-1A3956D46DE8}") = "Solution Items", "Solution Items", "{12A24102-F952-45A0-99AF-2577D1B0C7FB}"
	ProjectSection(SolutionItems) = preProject
		.editorconfig = .editorconfig
	EndProjectSection
EndProject
Project("{9A19103F-16F7-4668-BE54-9A1E7A4F7556}") = "Black.Beard.Http", "Black.Beard.Http\Black.Beard.Http.csproj", "{70DC4365-69FC-48D1-950D-2930550660F5}"
EndProject
Project("{2150E333-8FDC-42A3-9474-1A3956D46DE8}") = "Docs", "Docs", "{7A258BB6-9531-4BA6-B597-58DEE6A1CF0E}"
	ProjectSection(SolutionItems) = preProject
		..\README.md = ..\README.md
	EndProjectSection
EndProject
Project("{9A19103F-16F7-4668-BE54-9A1E7A4F7556}") = "HttpTests", "HttpTests\HttpTests.csproj", "{C2E8B738-9810-405D-82CE-A1574402E87E}"
EndProject
Project("{FAE04EC0-301F-11D3-BF4B-00C04F79EFBC}") = "Black.Beard.Rest", "Black.Beard.Rest\Black.Beard.Rest.csproj", "{2E81D50A-13D7-A757-FA08-E2D54B700BFE}"
EndProject
Project("{FAE04EC0-301F-11D3-BF4B-00C04F79EFBC}") = "Black.Beard.Rest.UnitTest", "Black.Beard.Rest.UnitTest\Black.Beard.Rest.UnitTest.csproj", "{386C0E7F-4240-4A52-969C-0856029A35A3}"
EndProject
Project("{FAE04EC0-301F-11D3-BF4B-00C04F79EFBC}") = "Black.Beard.Dynamics.Services", "Black.Beard.Dynamics.Services\Black.Beard.Dynamics.Services.csproj", "{0B0EE489-8216-4C8D-BBD6-5AF01981757A}"
EndProject
Project("{2150E333-8FDC-42A3-9474-1A3956D46DE8}") = "Services", "Services", "{02EA681E-C7D8-13C7-8484-4AC65E1B71E8}"
EndProject
Project("{FAE04EC0-301F-11D3-BF4B-00C04F79EFBC}") = "Black.Beard.Monitoring", "Black.Beard.Monitoring\Black.Beard.Monitoring.csproj", "{005DB8B0-CC29-644C-0827-79CBCC41F4E1}"
EndProject
Project("{FAE04EC0-301F-11D3-BF4B-00C04F79EFBC}") = "Black.Beard.Git", "Black.Beard.Git\Black.Beard.Git.csproj", "{8B893EF7-D2AD-0D92-B325-4BB7230D3100}"
EndProject
Global
	GlobalSection(SolutionConfigurationPlatforms) = preSolution
		Debug|Any CPU = Debug|Any CPU
		Release|Any CPU = Release|Any CPU
	EndGlobalSection
	GlobalSection(ProjectConfigurationPlatforms) = postSolution
		{C522F2E6-0207-44FC-9363-3F0646EC46E4}.Debug|Any CPU.ActiveCfg = Debug|Any CPU
		{C522F2E6-0207-44FC-9363-3F0646EC46E4}.Debug|Any CPU.Build.0 = Debug|Any CPU
		{C522F2E6-0207-44FC-9363-3F0646EC46E4}.Release|Any CPU.ActiveCfg = Release|Any CPU
		{C522F2E6-0207-44FC-9363-3F0646EC46E4}.Release|Any CPU.Build.0 = Release|Any CPU
		{4EC3287F-A7E0-4A3E-9506-16CB0E0A2FA0}.Debug|Any CPU.ActiveCfg = Debug|Any CPU
		{4EC3287F-A7E0-4A3E-9506-16CB0E0A2FA0}.Debug|Any CPU.Build.0 = Debug|Any CPU
		{4EC3287F-A7E0-4A3E-9506-16CB0E0A2FA0}.Release|Any CPU.ActiveCfg = Release|Any CPU
		{4EC3287F-A7E0-4A3E-9506-16CB0E0A2FA0}.Release|Any CPU.Build.0 = Release|Any CPU
		{94791085-67E1-48D9-B976-1F08E50FED48}.Debug|Any CPU.ActiveCfg = Debug|Any CPU
		{94791085-67E1-48D9-B976-1F08E50FED48}.Debug|Any CPU.Build.0 = Debug|Any CPU
		{94791085-67E1-48D9-B976-1F08E50FED48}.Release|Any CPU.ActiveCfg = Release|Any CPU
		{94791085-67E1-48D9-B976-1F08E50FED48}.Release|Any CPU.Build.0 = Release|Any CPU
		{70DC4365-69FC-48D1-950D-2930550660F5}.Debug|Any CPU.ActiveCfg = Debug|Any CPU
		{70DC4365-69FC-48D1-950D-2930550660F5}.Debug|Any CPU.Build.0 = Debug|Any CPU
		{70DC4365-69FC-48D1-950D-2930550660F5}.Release|Any CPU.ActiveCfg = Release|Any CPU
		{70DC4365-69FC-48D1-950D-2930550660F5}.Release|Any CPU.Build.0 = Release|Any CPU
		{C2E8B738-9810-405D-82CE-A1574402E87E}.Debug|Any CPU.ActiveCfg = Debug|Any CPU
		{C2E8B738-9810-405D-82CE-A1574402E87E}.Debug|Any CPU.Build.0 = Debug|Any CPU
		{C2E8B738-9810-405D-82CE-A1574402E87E}.Release|Any CPU.ActiveCfg = Release|Any CPU
		{C2E8B738-9810-405D-82CE-A1574402E87E}.Release|Any CPU.Build.0 = Release|Any CPU
		{2E81D50A-13D7-A757-FA08-E2D54B700BFE}.Debug|Any CPU.ActiveCfg = Debug|Any CPU
		{2E81D50A-13D7-A757-FA08-E2D54B700BFE}.Debug|Any CPU.Build.0 = Debug|Any CPU
		{2E81D50A-13D7-A757-FA08-E2D54B700BFE}.Release|Any CPU.ActiveCfg = Release|Any CPU
		{2E81D50A-13D7-A757-FA08-E2D54B700BFE}.Release|Any CPU.Build.0 = Release|Any CPU
		{386C0E7F-4240-4A52-969C-0856029A35A3}.Debug|Any CPU.ActiveCfg = Debug|Any CPU
		{386C0E7F-4240-4A52-969C-0856029A35A3}.Debug|Any CPU.Build.0 = Debug|Any CPU
		{386C0E7F-4240-4A52-969C-0856029A35A3}.Release|Any CPU.ActiveCfg = Release|Any CPU
		{386C0E7F-4240-4A52-969C-0856029A35A3}.Release|Any CPU.Build.0 = Release|Any CPU
		{0B0EE489-8216-4C8D-BBD6-5AF01981757A}.Debug|Any CPU.ActiveCfg = Debug|Any CPU
		{0B0EE489-8216-4C8D-BBD6-5AF01981757A}.Debug|Any CPU.Build.0 = Debug|Any CPU
		{0B0EE489-8216-4C8D-BBD6-5AF01981757A}.Release|Any CPU.ActiveCfg = Release|Any CPU
		{0B0EE489-8216-4C8D-BBD6-5AF01981757A}.Release|Any CPU.Build.0 = Release|Any CPU
		{005DB8B0-CC29-644C-0827-79CBCC41F4E1}.Debug|Any CPU.ActiveCfg = Debug|Any CPU
		{005DB8B0-CC29-644C-0827-79CBCC41F4E1}.Debug|Any CPU.Build.0 = Debug|Any CPU
		{005DB8B0-CC29-644C-0827-79CBCC41F4E1}.Release|Any CPU.ActiveCfg = Release|Any CPU
		{005DB8B0-CC29-644C-0827-79CBCC41F4E1}.Release|Any CPU.Build.0 = Release|Any CPU
		{8B893EF7-D2AD-0D92-B325-4BB7230D3100}.Debug|Any CPU.ActiveCfg = Debug|Any CPU
		{8B893EF7-D2AD-0D92-B325-4BB7230D3100}.Debug|Any CPU.Build.0 = Debug|Any CPU
		{8B893EF7-D2AD-0D92-B325-4BB7230D3100}.Release|Any CPU.ActiveCfg = Release|Any CPU
		{8B893EF7-D2AD-0D92-B325-4BB7230D3100}.Release|Any CPU.Build.0 = Release|Any CPU
	EndGlobalSection
	GlobalSection(SolutionProperties) = preSolution
		HideSolutionNode = FALSE
	EndGlobalSection
	GlobalSection(NestedProjects) = preSolution
		{C522F2E6-0207-44FC-9363-3F0646EC46E4} = {240FC772-25F1-4BF4-B281-63E539B5D878}
		{4EC3287F-A7E0-4A3E-9506-16CB0E0A2FA0} = {240FC772-25F1-4BF4-B281-63E539B5D878}
		{94791085-67E1-48D9-B976-1F08E50FED48} = {240FC772-25F1-4BF4-B281-63E539B5D878}
		{0B0EE489-8216-4C8D-BBD6-5AF01981757A} = {02EA681E-C7D8-13C7-8484-4AC65E1B71E8}
		{005DB8B0-CC29-644C-0827-79CBCC41F4E1} = {02EA681E-C7D8-13C7-8484-4AC65E1B71E8}
		{8B893EF7-D2AD-0D92-B325-4BB7230D3100} = {02EA681E-C7D8-13C7-8484-4AC65E1B71E8}
	EndGlobalSection
	GlobalSection(ExtensibilityGlobals) = postSolution
		SolutionGuid = {5A16DA66-3E3C-4D7F-AA2C-5529723D49A1}
	EndGlobalSection
EndGlobal
